
Microsoft Visual Studio Solution File, Format Version 12.00
# Visual Studio Version 17
VisualStudioVersion = 17.14.36301.6 d17.14
MinimumVisualStudioVersion = 10.0.40219.1
Project("{FAE04EC0-301F-11D3-BF4B-00C04F79EFBC}") = "Backend", "Backend\Backend.csproj", "{5B96D58B-294B-4A23-9BE2-EA8F1DB4B598}"
EndProject
Project("{FAE04EC0-301F-11D3-BF4B-00C04F79EFBC}") = "Service", "Service\Service.csproj", "{BF9E9ACF-4BF8-49AC-9148-0C6E13CF77A0}"
EndProject
Global
	GlobalSection(SolutionConfigurationPlatforms) = preSolution
		Debug|Any CPU = Debug|Any CPU
		Release|Any CPU = Release|Any CPU
	EndGlobalSection
	GlobalSection(ProjectConfigurationPlatforms) = postSolution
		{5B96D58B-294B-4A23-9BE2-EA8F1DB4B598}.Debug|Any CPU.ActiveCfg = Debug|Any CPU
		{5B96D58B-294B-4A23-9BE2-EA8F1DB4B598}.Debug|Any CPU.Build.0 = Debug|Any CPU
		{5B96D58B-294B-4A23-9BE2-EA8F1DB4B598}.Release|Any CPU.ActiveCfg = Release|Any CPU
		{5B96D58B-294B-4A23-9BE2-EA8F1DB4B598}.Release|Any CPU.Build.0 = Release|Any CPU
		{BF9E9ACF-4BF8-49AC-9148-0C6E13CF77A0}.Debug|Any CPU.ActiveCfg = Debug|Any CPU
		{BF9E9ACF-4BF8-49AC-9148-0C6E13CF77A0}.Debug|Any CPU.Build.0 = Debug|Any CPU
		{BF9E9ACF-4BF8-49AC-9148-0C6E13CF77A0}.Release|Any CPU.ActiveCfg = Release|Any CPU
		{BF9E9ACF-4BF8-49AC-9148-0C6E13CF77A0}.Release|Any CPU.Build.0 = Release|Any CPU
	EndGlobalSection
	GlobalSection(SolutionProperties) = preSolution
		HideSolutionNode = FALSE
	EndGlobalSection
	GlobalSection(ExtensibilityGlobals) = postSolution
		SolutionGuid = {45BE324B-4962-4133-A149-981E3EBD8234}
	EndGlobalSection
EndGlobal
